
Microsoft Visual Studio Solution File, Format Version 12.00
# Visual Studio Version 17
VisualStudioVersion = 17.11.35303.130
MinimumVisualStudioVersion = 10.0.40219.1
Project("{FAE04EC0-301F-11D3-BF4B-00C04F79EFBC}") = "WebApi", "WebApi\WebApi.csproj", "{384A614E-2CE5-4E92-8C09-7DE86969B44C}"
EndProject
Global
	GlobalSection(SolutionConfigurationPlatforms) = preSolution
		Debug|Any CPU = Debug|Any CPU
		Release|Any CPU = Release|Any CPU
	EndGlobalSection
	GlobalSection(ProjectConfigurationPlatforms) = postSolution
		{384A614E-2CE5-4E92-8C09-7DE86969B44C}.Debug|Any CPU.ActiveCfg = Debug|Any CPU
		{384A614E-2CE5-4E92-8C09-7DE86969B44C}.Debug|Any CPU.Build.0 = Debug|Any CPU
		{384A614E-2CE5-4E92-8C09-7DE86969B44C}.Release|Any CPU.ActiveCfg = Release|Any CPU
		{384A614E-2CE5-4E92-8C09-7DE86969B44C}.Release|Any CPU.Build.0 = Release|Any CPU
	EndGlobalSection
	GlobalSection(SolutionProperties) = preSolution
		HideSolutionNode = FALSE
	EndGlobalSection
	GlobalSection(ExtensibilityGlobals) = postSolution
		SolutionGuid = {55650143-4CF3-43B5-86B1-17239553D09C}
	EndGlobalSection
EndGlobal
